
Microsoft Visual Studio Solution File, Format Version 12.00
Project("{2150E333-8FDC-42A3-9474-1A3956D46DE8}") = "Services", "Services", "{233AECEB-CE0A-476F-929B-2867F9613AFD}"
EndProject
Project("{2150E333-8FDC-42A3-9474-1A3956D46DE8}") = "Catalog", "Catalog", "{46C4FBF3-D92B-489B-8833-57987BDD457A}"
EndProject
Project("{E53339B2-1760-4266-BCC7-CA923CBCF16C}") = "docker-compose", "docker-compose.dcproj", "{321974D8-9CF5-4853-8BB7-D66247E54BF2}"
EndProject
Project("{FAE04EC0-301F-11D3-BF4B-00C04F79EFBC}") = "Catalog.API", "Services\Catalog\Catalog.API\Catalog.API.csproj", "{06849358-1965-4D1B-87CB-8558D6F9CE7A}"
EndProject
Project("{2150E333-8FDC-42A3-9474-1A3956D46DE8}") = "Basket", "Basket", "{B479BC95-834B-443E-80AF-F057EDFAE0AB}"
EndProject
Project("{FAE04EC0-301F-11D3-BF4B-00C04F79EFBC}") = "Basket.API", "Services\Basket\Basket.API\Basket.API.csproj", "{7E47E034-4B4A-4AFA-9F21-1753F61E14D3}"
EndProject
Project("{FAE04EC0-301F-11D3-BF4B-00C04F79EFBC}") = "Catalog.Domain", "Services\Catalog\Catalog.Domain\Catalog.Domain.csproj", "{505D8F5C-AC22-4E7E-BF5B-69FAAA763CE2}"
EndProject
Project("{FAE04EC0-301F-11D3-BF4B-00C04F79EFBC}") = "Catalog.Data", "Services\Catalog\Catalog.Data\Catalog.Data.csproj", "{83DAAD43-9590-4D72-81D0-40E25AE5A39A}"
EndProject
Project("{FAE04EC0-301F-11D3-BF4B-00C04F79EFBC}") = "Catalog.Application", "Services\Catalog\Catalog.Application\Catalog.Application.csproj", "{54133071-56AA-4D08-9A19-616C0E9F68A6}"
EndProject
Project("{FAE04EC0-301F-11D3-BF4B-00C04F79EFBC}") = "Swagger.Core", "Services\Catalog\Swagger.Core\Swagger.Core.csproj", "{6D39C518-27B2-453B-B8AB-26EC09E2790F}"
EndProject
Global
	GlobalSection(SolutionConfigurationPlatforms) = preSolution
		Debug|Any CPU = Debug|Any CPU
		Release|Any CPU = Release|Any CPU
	EndGlobalSection
	GlobalSection(ProjectConfigurationPlatforms) = postSolution
		{06849358-1965-4D1B-87CB-8558D6F9CE7A}.Debug|Any CPU.ActiveCfg = Debug|Any CPU
		{06849358-1965-4D1B-87CB-8558D6F9CE7A}.Debug|Any CPU.Build.0 = Debug|Any CPU
		{06849358-1965-4D1B-87CB-8558D6F9CE7A}.Release|Any CPU.ActiveCfg = Release|Any CPU
		{06849358-1965-4D1B-87CB-8558D6F9CE7A}.Release|Any CPU.Build.0 = Release|Any CPU
		{7E47E034-4B4A-4AFA-9F21-1753F61E14D3}.Debug|Any CPU.ActiveCfg = Debug|Any CPU
		{7E47E034-4B4A-4AFA-9F21-1753F61E14D3}.Debug|Any CPU.Build.0 = Debug|Any CPU
		{7E47E034-4B4A-4AFA-9F21-1753F61E14D3}.Release|Any CPU.ActiveCfg = Release|Any CPU
		{7E47E034-4B4A-4AFA-9F21-1753F61E14D3}.Release|Any CPU.Build.0 = Release|Any CPU
		{505D8F5C-AC22-4E7E-BF5B-69FAAA763CE2}.Debug|Any CPU.ActiveCfg = Debug|Any CPU
		{505D8F5C-AC22-4E7E-BF5B-69FAAA763CE2}.Debug|Any CPU.Build.0 = Debug|Any CPU
		{505D8F5C-AC22-4E7E-BF5B-69FAAA763CE2}.Release|Any CPU.ActiveCfg = Release|Any CPU
		{505D8F5C-AC22-4E7E-BF5B-69FAAA763CE2}.Release|Any CPU.Build.0 = Release|Any CPU
		{83DAAD43-9590-4D72-81D0-40E25AE5A39A}.Debug|Any CPU.ActiveCfg = Debug|Any CPU
		{83DAAD43-9590-4D72-81D0-40E25AE5A39A}.Debug|Any CPU.Build.0 = Debug|Any CPU
		{83DAAD43-9590-4D72-81D0-40E25AE5A39A}.Release|Any CPU.ActiveCfg = Release|Any CPU
		{83DAAD43-9590-4D72-81D0-40E25AE5A39A}.Release|Any CPU.Build.0 = Release|Any CPU
		{54133071-56AA-4D08-9A19-616C0E9F68A6}.Debug|Any CPU.ActiveCfg = Debug|Any CPU
		{54133071-56AA-4D08-9A19-616C0E9F68A6}.Debug|Any CPU.Build.0 = Debug|Any CPU
		{54133071-56AA-4D08-9A19-616C0E9F68A6}.Release|Any CPU.ActiveCfg = Release|Any CPU
		{54133071-56AA-4D08-9A19-616C0E9F68A6}.Release|Any CPU.Build.0 = Release|Any CPU
		{6D39C518-27B2-453B-B8AB-26EC09E2790F}.Debug|Any CPU.ActiveCfg = Debug|Any CPU
		{6D39C518-27B2-453B-B8AB-26EC09E2790F}.Debug|Any CPU.Build.0 = Debug|Any CPU
		{6D39C518-27B2-453B-B8AB-26EC09E2790F}.Release|Any CPU.ActiveCfg = Release|Any CPU
		{6D39C518-27B2-453B-B8AB-26EC09E2790F}.Release|Any CPU.Build.0 = Release|Any CPU
	EndGlobalSection
	GlobalSection(NestedProjects) = preSolution
		{46C4FBF3-D92B-489B-8833-57987BDD457A} = {233AECEB-CE0A-476F-929B-2867F9613AFD}
		{06849358-1965-4D1B-87CB-8558D6F9CE7A} = {46C4FBF3-D92B-489B-8833-57987BDD457A}
		{B479BC95-834B-443E-80AF-F057EDFAE0AB} = {233AECEB-CE0A-476F-929B-2867F9613AFD}
		{7E47E034-4B4A-4AFA-9F21-1753F61E14D3} = {B479BC95-834B-443E-80AF-F057EDFAE0AB}
		{505D8F5C-AC22-4E7E-BF5B-69FAAA763CE2} = {46C4FBF3-D92B-489B-8833-57987BDD457A}
		{83DAAD43-9590-4D72-81D0-40E25AE5A39A} = {46C4FBF3-D92B-489B-8833-57987BDD457A}
		{54133071-56AA-4D08-9A19-616C0E9F68A6} = {46C4FBF3-D92B-489B-8833-57987BDD457A}
		{6D39C518-27B2-453B-B8AB-26EC09E2790F} = {46C4FBF3-D92B-489B-8833-57987BDD457A}
	EndGlobalSection
EndGlobal
