
Microsoft Visual Studio Solution File, Format Version 12.00
# Visual Studio Version 16
Project("{E53339B2-1760-4266-BCC7-CA923CBCF16C}") = "docker-compose", "docker-compose.dcproj", "{321974D8-9CF5-4853-8BB7-D66247E54BF2}"
EndProject
Project("{2150E333-8FDC-42A3-9474-1A3956D46DE8}") = "Services", "Services", "{233AECEB-CE0A-476F-929B-2867F9613AFD}"
EndProject
Project("{2150E333-8FDC-42A3-9474-1A3956D46DE8}") = "Catalog", "Catalog", "{46C4FBF3-D92B-489B-8833-57987BDD457A}"
EndProject
Project("{FAE04EC0-301F-11D3-BF4B-00C04F79EFBC}") = "Catalog.API", "Services\Catalog\Catalog.API\Catalog.API.csproj", "{06849358-1965-4D1B-87CB-8558D6F9CE7A}"
EndProject
Project("{FAE04EC0-301F-11D3-BF4B-00C04F79EFBC}") = "Catalog.Domain", "Services\Catalog\Catalog.Domain\Catalog.Domain.csproj", "{505D8F5C-AC22-4E7E-BF5B-69FAAA763CE2}"
EndProject
Project("{FAE04EC0-301F-11D3-BF4B-00C04F79EFBC}") = "Catalog.Data", "Services\Catalog\Catalog.Data\Catalog.Data.csproj", "{83DAAD43-9590-4D72-81D0-40E25AE5A39A}"
EndProject
Project("{FAE04EC0-301F-11D3-BF4B-00C04F79EFBC}") = "Catalog.Application", "Services\Catalog\Catalog.Application\Catalog.Application.csproj", "{54133071-56AA-4D08-9A19-616C0E9F68A6}"
EndProject
Project("{2150E333-8FDC-42A3-9474-1A3956D46DE8}") = "Basket", "Basket", "{B479BC95-834B-443E-80AF-F057EDFAE0AB}"
EndProject
Project("{FAE04EC0-301F-11D3-BF4B-00C04F79EFBC}") = "Basket.API", "Services\Basket\Basket.API\Basket.API.csproj", "{7E47E034-4B4A-4AFA-9F21-1753F61E14D3}"
EndProject
Project("{FAE04EC0-301F-11D3-BF4B-00C04F79EFBC}") = "Basket.Domain", "Services\Basket\Basket.Domain\Basket.Domain.csproj", "{B9B99532-7DE8-479B-AC1C-6854CACCBCED}"
EndProject
Project("{FAE04EC0-301F-11D3-BF4B-00C04F79EFBC}") = "Basket.Application", "Services\Basket\Basket.Application\Basket.Application.csproj", "{51A909F8-7323-45E0-A1C5-F073DB79600F}"
EndProject
Project("{2150E333-8FDC-42A3-9474-1A3956D46DE8}") = "Discount", "Discount", "{65783621-E5E1-4245-95F9-AA690C503C09}"
EndProject
Project("{FAE04EC0-301F-11D3-BF4B-00C04F79EFBC}") = "Discount.API", "Services\Discount\API\Discount.API\Discount.API.csproj", "{32CE8DBF-1F63-4BBB-BAF9-E2A1B880AF47}"
EndProject
Project("{FAE04EC0-301F-11D3-BF4B-00C04F79EFBC}") = "Discount.Application", "Services\Discount\API\Discount.Application\Discount.Application.csproj", "{2747DD8A-66C0-4AC7-A221-AE0BCEA0252E}"
EndProject
Project("{FAE04EC0-301F-11D3-BF4B-00C04F79EFBC}") = "Discount.Data", "Services\Discount\API\Discount.Data\Discount.Data.csproj", "{202BB199-B693-4A3D-8373-07B274D6D53F}"
EndProject
Project("{FAE04EC0-301F-11D3-BF4B-00C04F79EFBC}") = "Discount.Domain", "Services\Discount\API\Discount.Domain\Discount.Domain.csproj", "{02B7E7D0-60CB-41BD-B5E8-8289D4A17DA8}"
EndProject
Project("{FAE04EC0-301F-11D3-BF4B-00C04F79EFBC}") = "Discount.Grpc", "Services\Discount\Grpc\Discount.Grpc\Discount.Grpc.csproj", "{626A79AF-8A25-4F72-95CF-5142A9EF6C36}"
EndProject
Project("{2150E333-8FDC-42A3-9474-1A3956D46DE8}") = "Grpc", "Grpc", "{5590E540-83E4-47A9-8EB6-694EB17D0B27}"
EndProject
Project("{FAE04EC0-301F-11D3-BF4B-00C04F79EFBC}") = "Discount.Grpc.Application", "Services\Discount\Grpc\Discount.Grpc.Application\Discount.Grpc.Application.csproj", "{02E56C2C-5E56-42A4-9E81-BF9676361EFC}"
EndProject
Project("{FAE04EC0-301F-11D3-BF4B-00C04F79EFBC}") = "Discount.Grpc.Data", "Services\Discount\Grpc\Discount.Grpc.Data\Discount.Grpc.Data.csproj", "{B6C3D6B3-C565-42EA-80D6-A7E416E7D85C}"
EndProject
Project("{FAE04EC0-301F-11D3-BF4B-00C04F79EFBC}") = "Discount.Grpc.Domain", "Services\Discount\Grpc\Discount.Grpc.Domain\Discount.Grpc.Domain.csproj", "{AD6C9AF2-3FF5-438E-AD8A-AB12353D43A8}"
EndProject
Project("{2150E333-8FDC-42A3-9474-1A3956D46DE8}") = "API", "API", "{2B629471-223D-4AFB-B19D-9B68DE4AADB3}"
EndProject
Project("{2150E333-8FDC-42A3-9474-1A3956D46DE8}") = "Ordering", "Ordering", "{A19CBABC-AD20-458E-B704-2E0BBB27F910}"
EndProject
Project("{FAE04EC0-301F-11D3-BF4B-00C04F79EFBC}") = "Ordering.API", "Services\Ordering\Ordering.API\Ordering.API.csproj", "{491D1771-CE00-41B1-A741-4B5D329E010D}"
EndProject
Project("{FAE04EC0-301F-11D3-BF4B-00C04F79EFBC}") = "Ordering.Domain", "Services\Ordering\Ordering.Domain\Ordering.Domain.csproj", "{0C7E7418-D687-43DE-AFC0-5D05092030A0}"
EndProject
Project("{FAE04EC0-301F-11D3-BF4B-00C04F79EFBC}") = "Ordering.Application", "Services\Ordering\Ordering.Application\Ordering.Application.csproj", "{D3983EB8-86B2-4288-9B5E-2A9E5E10364E}"
EndProject
Project("{FAE04EC0-301F-11D3-BF4B-00C04F79EFBC}") = "Ordering.Infrastructure", "Services\Ordering\Ordering.Infrastructure\Ordering.Infrastructure.csproj", "{60BEFF69-B634-40C0-A4EE-8B315BFAAD5E}"
EndProject
Project("{2150E333-8FDC-42A3-9474-1A3956D46DE8}") = "BuildingBlocks", "BuildingBlocks", "{151DA36A-9C8F-4228-9A52-D14362E3BF85}"
EndProject
Project("{FAE04EC0-301F-11D3-BF4B-00C04F79EFBC}") = "EventBus.Messages", "BuildingBlocks\EventBus.Messages\EventBus.Messages.csproj", "{5747E321-55C1-4394-837F-233346168B61}"
EndProject
Project("{FAE04EC0-301F-11D3-BF4B-00C04F79EFBC}") = "Basket.Infrastructure", "Services\Basket\Basket.Infrastructure\Basket.Infrastructure.csproj", "{5A310516-811D-46F0-A581-838B88FADEB0}"
EndProject
Project("{2150E333-8FDC-42A3-9474-1A3956D46DE8}") = "ApiGateways", "ApiGateways", "{E666B964-7A05-40D7-893D-858EF100E750}"
EndProject
Project("{FAE04EC0-301F-11D3-BF4B-00C04F79EFBC}") = "OcelotApiGw", "ApiGateways\OcelotApiGw\OcelotApiGw.csproj", "{EF6E5B53-EEBB-4240-A4D1-F6D3ADA6909F}"
EndProject
Global
	GlobalSection(SolutionConfigurationPlatforms) = preSolution
		Debug|Any CPU = Debug|Any CPU
		Release|Any CPU = Release|Any CPU
	EndGlobalSection
	GlobalSection(ProjectConfigurationPlatforms) = postSolution
		{06849358-1965-4D1B-87CB-8558D6F9CE7A}.Debug|Any CPU.ActiveCfg = Debug|Any CPU
		{06849358-1965-4D1B-87CB-8558D6F9CE7A}.Debug|Any CPU.Build.0 = Debug|Any CPU
		{06849358-1965-4D1B-87CB-8558D6F9CE7A}.Release|Any CPU.ActiveCfg = Release|Any CPU
		{06849358-1965-4D1B-87CB-8558D6F9CE7A}.Release|Any CPU.Build.0 = Release|Any CPU
		{7E47E034-4B4A-4AFA-9F21-1753F61E14D3}.Debug|Any CPU.ActiveCfg = Debug|Any CPU
		{7E47E034-4B4A-4AFA-9F21-1753F61E14D3}.Debug|Any CPU.Build.0 = Debug|Any CPU
		{7E47E034-4B4A-4AFA-9F21-1753F61E14D3}.Release|Any CPU.ActiveCfg = Release|Any CPU
		{7E47E034-4B4A-4AFA-9F21-1753F61E14D3}.Release|Any CPU.Build.0 = Release|Any CPU
		{505D8F5C-AC22-4E7E-BF5B-69FAAA763CE2}.Debug|Any CPU.ActiveCfg = Debug|Any CPU
		{505D8F5C-AC22-4E7E-BF5B-69FAAA763CE2}.Debug|Any CPU.Build.0 = Debug|Any CPU
		{505D8F5C-AC22-4E7E-BF5B-69FAAA763CE2}.Release|Any CPU.ActiveCfg = Release|Any CPU
		{505D8F5C-AC22-4E7E-BF5B-69FAAA763CE2}.Release|Any CPU.Build.0 = Release|Any CPU
		{83DAAD43-9590-4D72-81D0-40E25AE5A39A}.Debug|Any CPU.ActiveCfg = Debug|Any CPU
		{83DAAD43-9590-4D72-81D0-40E25AE5A39A}.Debug|Any CPU.Build.0 = Debug|Any CPU
		{83DAAD43-9590-4D72-81D0-40E25AE5A39A}.Release|Any CPU.ActiveCfg = Release|Any CPU
		{83DAAD43-9590-4D72-81D0-40E25AE5A39A}.Release|Any CPU.Build.0 = Release|Any CPU
		{54133071-56AA-4D08-9A19-616C0E9F68A6}.Debug|Any CPU.ActiveCfg = Debug|Any CPU
		{54133071-56AA-4D08-9A19-616C0E9F68A6}.Debug|Any CPU.Build.0 = Debug|Any CPU
		{54133071-56AA-4D08-9A19-616C0E9F68A6}.Release|Any CPU.ActiveCfg = Release|Any CPU
		{54133071-56AA-4D08-9A19-616C0E9F68A6}.Release|Any CPU.Build.0 = Release|Any CPU
		{B9B99532-7DE8-479B-AC1C-6854CACCBCED}.Debug|Any CPU.ActiveCfg = Debug|Any CPU
		{B9B99532-7DE8-479B-AC1C-6854CACCBCED}.Debug|Any CPU.Build.0 = Debug|Any CPU
		{B9B99532-7DE8-479B-AC1C-6854CACCBCED}.Release|Any CPU.ActiveCfg = Release|Any CPU
		{B9B99532-7DE8-479B-AC1C-6854CACCBCED}.Release|Any CPU.Build.0 = Release|Any CPU
		{51A909F8-7323-45E0-A1C5-F073DB79600F}.Debug|Any CPU.ActiveCfg = Debug|Any CPU
		{51A909F8-7323-45E0-A1C5-F073DB79600F}.Debug|Any CPU.Build.0 = Debug|Any CPU
		{51A909F8-7323-45E0-A1C5-F073DB79600F}.Release|Any CPU.ActiveCfg = Release|Any CPU
		{51A909F8-7323-45E0-A1C5-F073DB79600F}.Release|Any CPU.Build.0 = Release|Any CPU
		{32CE8DBF-1F63-4BBB-BAF9-E2A1B880AF47}.Debug|Any CPU.ActiveCfg = Debug|Any CPU
		{32CE8DBF-1F63-4BBB-BAF9-E2A1B880AF47}.Debug|Any CPU.Build.0 = Debug|Any CPU
		{32CE8DBF-1F63-4BBB-BAF9-E2A1B880AF47}.Release|Any CPU.ActiveCfg = Release|Any CPU
		{32CE8DBF-1F63-4BBB-BAF9-E2A1B880AF47}.Release|Any CPU.Build.0 = Release|Any CPU
		{2747DD8A-66C0-4AC7-A221-AE0BCEA0252E}.Debug|Any CPU.ActiveCfg = Debug|Any CPU
		{2747DD8A-66C0-4AC7-A221-AE0BCEA0252E}.Debug|Any CPU.Build.0 = Debug|Any CPU
		{2747DD8A-66C0-4AC7-A221-AE0BCEA0252E}.Release|Any CPU.ActiveCfg = Release|Any CPU
		{2747DD8A-66C0-4AC7-A221-AE0BCEA0252E}.Release|Any CPU.Build.0 = Release|Any CPU
		{202BB199-B693-4A3D-8373-07B274D6D53F}.Debug|Any CPU.ActiveCfg = Debug|Any CPU
		{202BB199-B693-4A3D-8373-07B274D6D53F}.Debug|Any CPU.Build.0 = Debug|Any CPU
		{202BB199-B693-4A3D-8373-07B274D6D53F}.Release|Any CPU.ActiveCfg = Release|Any CPU
		{202BB199-B693-4A3D-8373-07B274D6D53F}.Release|Any CPU.Build.0 = Release|Any CPU
		{02B7E7D0-60CB-41BD-B5E8-8289D4A17DA8}.Debug|Any CPU.ActiveCfg = Debug|Any CPU
		{02B7E7D0-60CB-41BD-B5E8-8289D4A17DA8}.Debug|Any CPU.Build.0 = Debug|Any CPU
		{02B7E7D0-60CB-41BD-B5E8-8289D4A17DA8}.Release|Any CPU.ActiveCfg = Release|Any CPU
		{02B7E7D0-60CB-41BD-B5E8-8289D4A17DA8}.Release|Any CPU.Build.0 = Release|Any CPU
		{626A79AF-8A25-4F72-95CF-5142A9EF6C36}.Debug|Any CPU.ActiveCfg = Debug|Any CPU
		{626A79AF-8A25-4F72-95CF-5142A9EF6C36}.Debug|Any CPU.Build.0 = Debug|Any CPU
		{626A79AF-8A25-4F72-95CF-5142A9EF6C36}.Release|Any CPU.ActiveCfg = Release|Any CPU
		{626A79AF-8A25-4F72-95CF-5142A9EF6C36}.Release|Any CPU.Build.0 = Release|Any CPU
		{02E56C2C-5E56-42A4-9E81-BF9676361EFC}.Debug|Any CPU.ActiveCfg = Debug|Any CPU
		{02E56C2C-5E56-42A4-9E81-BF9676361EFC}.Debug|Any CPU.Build.0 = Debug|Any CPU
		{02E56C2C-5E56-42A4-9E81-BF9676361EFC}.Release|Any CPU.ActiveCfg = Release|Any CPU
		{02E56C2C-5E56-42A4-9E81-BF9676361EFC}.Release|Any CPU.Build.0 = Release|Any CPU
		{B6C3D6B3-C565-42EA-80D6-A7E416E7D85C}.Debug|Any CPU.ActiveCfg = Debug|Any CPU
		{B6C3D6B3-C565-42EA-80D6-A7E416E7D85C}.Debug|Any CPU.Build.0 = Debug|Any CPU
		{B6C3D6B3-C565-42EA-80D6-A7E416E7D85C}.Release|Any CPU.ActiveCfg = Release|Any CPU
		{B6C3D6B3-C565-42EA-80D6-A7E416E7D85C}.Release|Any CPU.Build.0 = Release|Any CPU
		{AD6C9AF2-3FF5-438E-AD8A-AB12353D43A8}.Debug|Any CPU.ActiveCfg = Debug|Any CPU
		{AD6C9AF2-3FF5-438E-AD8A-AB12353D43A8}.Debug|Any CPU.Build.0 = Debug|Any CPU
		{AD6C9AF2-3FF5-438E-AD8A-AB12353D43A8}.Release|Any CPU.ActiveCfg = Release|Any CPU
		{AD6C9AF2-3FF5-438E-AD8A-AB12353D43A8}.Release|Any CPU.Build.0 = Release|Any CPU
		{491D1771-CE00-41B1-A741-4B5D329E010D}.Debug|Any CPU.ActiveCfg = Debug|Any CPU
		{491D1771-CE00-41B1-A741-4B5D329E010D}.Debug|Any CPU.Build.0 = Debug|Any CPU
		{491D1771-CE00-41B1-A741-4B5D329E010D}.Release|Any CPU.ActiveCfg = Release|Any CPU
		{491D1771-CE00-41B1-A741-4B5D329E010D}.Release|Any CPU.Build.0 = Release|Any CPU
		{0C7E7418-D687-43DE-AFC0-5D05092030A0}.Debug|Any CPU.ActiveCfg = Debug|Any CPU
		{0C7E7418-D687-43DE-AFC0-5D05092030A0}.Debug|Any CPU.Build.0 = Debug|Any CPU
		{0C7E7418-D687-43DE-AFC0-5D05092030A0}.Release|Any CPU.ActiveCfg = Release|Any CPU
		{0C7E7418-D687-43DE-AFC0-5D05092030A0}.Release|Any CPU.Build.0 = Release|Any CPU
		{D3983EB8-86B2-4288-9B5E-2A9E5E10364E}.Debug|Any CPU.ActiveCfg = Debug|Any CPU
		{D3983EB8-86B2-4288-9B5E-2A9E5E10364E}.Debug|Any CPU.Build.0 = Debug|Any CPU
		{D3983EB8-86B2-4288-9B5E-2A9E5E10364E}.Release|Any CPU.ActiveCfg = Release|Any CPU
		{D3983EB8-86B2-4288-9B5E-2A9E5E10364E}.Release|Any CPU.Build.0 = Release|Any CPU
		{60BEFF69-B634-40C0-A4EE-8B315BFAAD5E}.Debug|Any CPU.ActiveCfg = Debug|Any CPU
		{60BEFF69-B634-40C0-A4EE-8B315BFAAD5E}.Debug|Any CPU.Build.0 = Debug|Any CPU
		{60BEFF69-B634-40C0-A4EE-8B315BFAAD5E}.Release|Any CPU.ActiveCfg = Release|Any CPU
		{60BEFF69-B634-40C0-A4EE-8B315BFAAD5E}.Release|Any CPU.Build.0 = Release|Any CPU
		{5747E321-55C1-4394-837F-233346168B61}.Debug|Any CPU.ActiveCfg = Debug|Any CPU
		{5747E321-55C1-4394-837F-233346168B61}.Debug|Any CPU.Build.0 = Debug|Any CPU
		{5747E321-55C1-4394-837F-233346168B61}.Release|Any CPU.ActiveCfg = Release|Any CPU
		{5747E321-55C1-4394-837F-233346168B61}.Release|Any CPU.Build.0 = Release|Any CPU
		{5A310516-811D-46F0-A581-838B88FADEB0}.Debug|Any CPU.ActiveCfg = Debug|Any CPU
		{5A310516-811D-46F0-A581-838B88FADEB0}.Debug|Any CPU.Build.0 = Debug|Any CPU
		{5A310516-811D-46F0-A581-838B88FADEB0}.Release|Any CPU.ActiveCfg = Release|Any CPU
		{5A310516-811D-46F0-A581-838B88FADEB0}.Release|Any CPU.Build.0 = Release|Any CPU
		{EF6E5B53-EEBB-4240-A4D1-F6D3ADA6909F}.Debug|Any CPU.ActiveCfg = Debug|Any CPU
		{EF6E5B53-EEBB-4240-A4D1-F6D3ADA6909F}.Debug|Any CPU.Build.0 = Debug|Any CPU
		{EF6E5B53-EEBB-4240-A4D1-F6D3ADA6909F}.Release|Any CPU.ActiveCfg = Release|Any CPU
		{EF6E5B53-EEBB-4240-A4D1-F6D3ADA6909F}.Release|Any CPU.Build.0 = Release|Any CPU
	EndGlobalSection
	GlobalSection(NestedProjects) = preSolution
		{46C4FBF3-D92B-489B-8833-57987BDD457A} = {233AECEB-CE0A-476F-929B-2867F9613AFD}
		{06849358-1965-4D1B-87CB-8558D6F9CE7A} = {46C4FBF3-D92B-489B-8833-57987BDD457A}
		{B479BC95-834B-443E-80AF-F057EDFAE0AB} = {233AECEB-CE0A-476F-929B-2867F9613AFD}
		{7E47E034-4B4A-4AFA-9F21-1753F61E14D3} = {B479BC95-834B-443E-80AF-F057EDFAE0AB}
		{505D8F5C-AC22-4E7E-BF5B-69FAAA763CE2} = {46C4FBF3-D92B-489B-8833-57987BDD457A}
		{83DAAD43-9590-4D72-81D0-40E25AE5A39A} = {46C4FBF3-D92B-489B-8833-57987BDD457A}
		{54133071-56AA-4D08-9A19-616C0E9F68A6} = {46C4FBF3-D92B-489B-8833-57987BDD457A}
		{B9B99532-7DE8-479B-AC1C-6854CACCBCED} = {B479BC95-834B-443E-80AF-F057EDFAE0AB}
		{51A909F8-7323-45E0-A1C5-F073DB79600F} = {B479BC95-834B-443E-80AF-F057EDFAE0AB}
		{65783621-E5E1-4245-95F9-AA690C503C09} = {233AECEB-CE0A-476F-929B-2867F9613AFD}
		{5590E540-83E4-47A9-8EB6-694EB17D0B27} = {65783621-E5E1-4245-95F9-AA690C503C09}
		{626A79AF-8A25-4F72-95CF-5142A9EF6C36} = {5590E540-83E4-47A9-8EB6-694EB17D0B27}
		{02E56C2C-5E56-42A4-9E81-BF9676361EFC} = {5590E540-83E4-47A9-8EB6-694EB17D0B27}
		{B6C3D6B3-C565-42EA-80D6-A7E416E7D85C} = {5590E540-83E4-47A9-8EB6-694EB17D0B27}
		{AD6C9AF2-3FF5-438E-AD8A-AB12353D43A8} = {5590E540-83E4-47A9-8EB6-694EB17D0B27}
		{2B629471-223D-4AFB-B19D-9B68DE4AADB3} = {65783621-E5E1-4245-95F9-AA690C503C09}
		{32CE8DBF-1F63-4BBB-BAF9-E2A1B880AF47} = {2B629471-223D-4AFB-B19D-9B68DE4AADB3}
		{2747DD8A-66C0-4AC7-A221-AE0BCEA0252E} = {2B629471-223D-4AFB-B19D-9B68DE4AADB3}
		{202BB199-B693-4A3D-8373-07B274D6D53F} = {2B629471-223D-4AFB-B19D-9B68DE4AADB3}
		{02B7E7D0-60CB-41BD-B5E8-8289D4A17DA8} = {2B629471-223D-4AFB-B19D-9B68DE4AADB3}
		{A19CBABC-AD20-458E-B704-2E0BBB27F910} = {233AECEB-CE0A-476F-929B-2867F9613AFD}
		{491D1771-CE00-41B1-A741-4B5D329E010D} = {A19CBABC-AD20-458E-B704-2E0BBB27F910}
		{0C7E7418-D687-43DE-AFC0-5D05092030A0} = {A19CBABC-AD20-458E-B704-2E0BBB27F910}
		{D3983EB8-86B2-4288-9B5E-2A9E5E10364E} = {A19CBABC-AD20-458E-B704-2E0BBB27F910}
		{60BEFF69-B634-40C0-A4EE-8B315BFAAD5E} = {A19CBABC-AD20-458E-B704-2E0BBB27F910}
		{5747E321-55C1-4394-837F-233346168B61} = {151DA36A-9C8F-4228-9A52-D14362E3BF85}
		{5A310516-811D-46F0-A581-838B88FADEB0} = {B479BC95-834B-443E-80AF-F057EDFAE0AB}
		{EF6E5B53-EEBB-4240-A4D1-F6D3ADA6909F} = {E666B964-7A05-40D7-893D-858EF100E750}
	EndGlobalSection
EndGlobal
